
Microsoft Visual Studio Solution File, Format Version 12.00
# Visual Studio 15
VisualStudioVersion = 15.0.28307.168
MinimumVisualStudioVersion = 10.0.40219.1
Project("{FAE04EC0-301F-11D3-BF4B-00C04F79EFBC}") = "FirstTry.Android", "FirstTry\FirstTry.Android\FirstTry.Android.csproj", "{EC365A90-040D-4BB0-9C3B-A598B3D037B0}"
EndProject
Project("{FAE04EC0-301F-11D3-BF4B-00C04F79EFBC}") = "FirstTry.iOS", "FirstTry\FirstTry.iOS\FirstTry.iOS.csproj", "{4805146C-B343-46A1-9123-2ADBF540D032}"
EndProject
Project("{FAE04EC0-301F-11D3-BF4B-00C04F79EFBC}") = "FirstTry", "FirstTry\FirstTry\FirstTry.csproj", "{4DC3E106-8416-4138-915A-2095CF1054FB}"
EndProject
Global
	GlobalSection(SolutionConfigurationPlatforms) = preSolution
		Ad-Hoc|Any CPU = Ad-Hoc|Any CPU
		Ad-Hoc|iPhone = Ad-Hoc|iPhone
		Ad-Hoc|iPhoneSimulator = Ad-Hoc|iPhoneSimulator
		AppStore|Any CPU = AppStore|Any CPU
		AppStore|iPhone = AppStore|iPhone
		AppStore|iPhoneSimulator = AppStore|iPhoneSimulator
		Debug|Any CPU = Debug|Any CPU
		Debug|iPhone = Debug|iPhone
		Debug|iPhoneSimulator = Debug|iPhoneSimulator
		Release|Any CPU = Release|Any CPU
		Release|iPhone = Release|iPhone
		Release|iPhoneSimulator = Release|iPhoneSimulator
	EndGlobalSection
	GlobalSection(ProjectConfigurationPlatforms) = postSolution
		{EC365A90-040D-4BB0-9C3B-A598B3D037B0}.Ad-Hoc|Any CPU.ActiveCfg = Release|Any CPU
		{EC365A90-040D-4BB0-9C3B-A598B3D037B0}.Ad-Hoc|Any CPU.Build.0 = Release|Any CPU
		{EC365A90-040D-4BB0-9C3B-A598B3D037B0}.Ad-Hoc|Any CPU.Deploy.0 = Release|Any CPU
		{EC365A90-040D-4BB0-9C3B-A598B3D037B0}.Ad-Hoc|iPhone.ActiveCfg = Release|Any CPU
		{EC365A90-040D-4BB0-9C3B-A598B3D037B0}.Ad-Hoc|iPhone.Build.0 = Release|Any CPU
		{EC365A90-040D-4BB0-9C3B-A598B3D037B0}.Ad-Hoc|iPhone.Deploy.0 = Release|Any CPU
		{EC365A90-040D-4BB0-9C3B-A598B3D037B0}.Ad-Hoc|iPhoneSimulator.ActiveCfg = Release|Any CPU
		{EC365A90-040D-4BB0-9C3B-A598B3D037B0}.Ad-Hoc|iPhoneSimulator.Build.0 = Release|Any CPU
		{EC365A90-040D-4BB0-9C3B-A598B3D037B0}.Ad-Hoc|iPhoneSimulator.Deploy.0 = Release|Any CPU
		{EC365A90-040D-4BB0-9C3B-A598B3D037B0}.AppStore|Any CPU.ActiveCfg = Release|Any CPU
		{EC365A90-040D-4BB0-9C3B-A598B3D037B0}.AppStore|Any CPU.Build.0 = Release|Any CPU
		{EC365A90-040D-4BB0-9C3B-A598B3D037B0}.AppStore|Any CPU.Deploy.0 = Release|Any CPU
		{EC365A90-040D-4BB0-9C3B-A598B3D037B0}.AppStore|iPhone.ActiveCfg = Release|Any CPU
		{EC365A90-040D-4BB0-9C3B-A598B3D037B0}.AppStore|iPhone.Build.0 = Release|Any CPU
		{EC365A90-040D-4BB0-9C3B-A598B3D037B0}.AppStore|iPhone.Deploy.0 = Release|Any CPU
		{EC365A90-040D-4BB0-9C3B-A598B3D037B0}.AppStore|iPhoneSimulator.ActiveCfg = Release|Any CPU
		{EC365A90-040D-4BB0-9C3B-A598B3D037B0}.AppStore|iPhoneSimulator.Build.0 = Release|Any CPU
		{EC365A90-040D-4BB0-9C3B-A598B3D037B0}.AppStore|iPhoneSimulator.Deploy.0 = Release|Any CPU
		{EC365A90-040D-4BB0-9C3B-A598B3D037B0}.Debug|Any CPU.ActiveCfg = Debug|Any CPU
		{EC365A90-040D-4BB0-9C3B-A598B3D037B0}.Debug|Any CPU.Build.0 = Debug|Any CPU
		{EC365A90-040D-4BB0-9C3B-A598B3D037B0}.Debug|Any CPU.Deploy.0 = Debug|Any CPU
		{EC365A90-040D-4BB0-9C3B-A598B3D037B0}.Debug|iPhone.ActiveCfg = Debug|Any CPU
		{EC365A90-040D-4BB0-9C3B-A598B3D037B0}.Debug|iPhone.Build.0 = Debug|Any CPU
		{EC365A90-040D-4BB0-9C3B-A598B3D037B0}.Debug|iPhone.Deploy.0 = Debug|Any CPU
		{EC365A90-040D-4BB0-9C3B-A598B3D037B0}.Debug|iPhoneSimulator.ActiveCfg = Debug|Any CPU
		{EC365A90-040D-4BB0-9C3B-A598B3D037B0}.Debug|iPhoneSimulator.Build.0 = Debug|Any CPU
		{EC365A90-040D-4BB0-9C3B-A598B3D037B0}.Debug|iPhoneSimulator.Deploy.0 = Debug|Any CPU
		{EC365A90-040D-4BB0-9C3B-A598B3D037B0}.Release|Any CPU.ActiveCfg = Release|Any CPU
		{EC365A90-040D-4BB0-9C3B-A598B3D037B0}.Release|Any CPU.Build.0 = Release|Any CPU
		{EC365A90-040D-4BB0-9C3B-A598B3D037B0}.Release|Any CPU.Deploy.0 = Release|Any CPU
		{EC365A90-040D-4BB0-9C3B-A598B3D037B0}.Release|iPhone.ActiveCfg = Release|Any CPU
		{EC365A90-040D-4BB0-9C3B-A598B3D037B0}.Release|iPhone.Build.0 = Release|Any CPU
		{EC365A90-040D-4BB0-9C3B-A598B3D037B0}.Release|iPhone.Deploy.0 = Release|Any CPU
		{EC365A90-040D-4BB0-9C3B-A598B3D037B0}.Release|iPhoneSimulator.ActiveCfg = Release|Any CPU
		{EC365A90-040D-4BB0-9C3B-A598B3D037B0}.Release|iPhoneSimulator.Build.0 = Release|Any CPU
		{EC365A90-040D-4BB0-9C3B-A598B3D037B0}.Release|iPhoneSimulator.Deploy.0 = Release|Any CPU
		{4805146C-B343-46A1-9123-2ADBF540D032}.Ad-Hoc|Any CPU.ActiveCfg = Ad-Hoc|iPhone
		{4805146C-B343-46A1-9123-2ADBF540D032}.Ad-Hoc|Any CPU.Build.0 = Ad-Hoc|iPhone
		{4805146C-B343-46A1-9123-2ADBF540D032}.Ad-Hoc|Any CPU.Deploy.0 = Ad-Hoc|iPhone
		{4805146C-B343-46A1-9123-2ADBF540D032}.Ad-Hoc|iPhone.ActiveCfg = Ad-Hoc|iPhone
		{4805146C-B343-46A1-9123-2ADBF540D032}.Ad-Hoc|iPhone.Build.0 = Ad-Hoc|iPhone
		{4805146C-B343-46A1-9123-2ADBF540D032}.Ad-Hoc|iPhone.Deploy.0 = Ad-Hoc|iPhone
		{4805146C-B343-46A1-9123-2ADBF540D032}.Ad-Hoc|iPhoneSimulator.ActiveCfg = Ad-Hoc|iPhoneSimulator
		{4805146C-B343-46A1-9123-2ADBF540D032}.Ad-Hoc|iPhoneSimulator.Build.0 = Ad-Hoc|iPhoneSimulator
		{4805146C-B343-46A1-9123-2ADBF540D032}.Ad-Hoc|iPhoneSimulator.Deploy.0 = Ad-Hoc|iPhoneSimulator
		{4805146C-B343-46A1-9123-2ADBF540D032}.AppStore|Any CPU.ActiveCfg = AppStore|iPhone
		{4805146C-B343-46A1-9123-2ADBF540D032}.AppStore|Any CPU.Build.0 = AppStore|iPhone
		{4805146C-B343-46A1-9123-2ADBF540D032}.AppStore|Any CPU.Deploy.0 = AppStore|iPhone
		{4805146C-B343-46A1-9123-2ADBF540D032}.AppStore|iPhone.ActiveCfg = AppStore|iPhone
		{4805146C-B343-46A1-9123-2ADBF540D032}.AppStore|iPhone.Build.0 = AppStore|iPhone
		{4805146C-B343-46A1-9123-2ADBF540D032}.AppStore|iPhone.Deploy.0 = AppStore|iPhone
		{4805146C-B343-46A1-9123-2ADBF540D032}.AppStore|iPhoneSimulator.ActiveCfg = AppStore|iPhoneSimulator
		{4805146C-B343-46A1-9123-2ADBF540D032}.AppStore|iPhoneSimulator.Build.0 = AppStore|iPhoneSimulator
		{4805146C-B343-46A1-9123-2ADBF540D032}.AppStore|iPhoneSimulator.Deploy.0 = AppStore|iPhoneSimulator
		{4805146C-B343-46A1-9123-2ADBF540D032}.Debug|Any CPU.ActiveCfg = Debug|iPhoneSimulator
		{4805146C-B343-46A1-9123-2ADBF540D032}.Debug|Any CPU.Build.0 = Debug|iPhoneSimulator
		{4805146C-B343-46A1-9123-2ADBF540D032}.Debug|Any CPU.Deploy.0 = Debug|iPhoneSimulator
		{4805146C-B343-46A1-9123-2ADBF540D032}.Debug|iPhone.ActiveCfg = Debug|iPhone
		{4805146C-B343-46A1-9123-2ADBF540D032}.Debug|iPhone.Build.0 = Debug|iPhone
		{4805146C-B343-46A1-9123-2ADBF540D032}.Debug|iPhone.Deploy.0 = Debug|iPhone
		{4805146C-B343-46A1-9123-2ADBF540D032}.Debug|iPhoneSimulator.ActiveCfg = Debug|iPhoneSimulator
		{4805146C-B343-46A1-9123-2ADBF540D032}.Debug|iPhoneSimulator.Build.0 = Debug|iPhoneSimulator
		{4805146C-B343-46A1-9123-2ADBF540D032}.Debug|iPhoneSimulator.Deploy.0 = Debug|iPhoneSimulator
		{4805146C-B343-46A1-9123-2ADBF540D032}.Release|Any CPU.ActiveCfg = Release|iPhone
		{4805146C-B343-46A1-9123-2ADBF540D032}.Release|Any CPU.Build.0 = Release|iPhone
		{4805146C-B343-46A1-9123-2ADBF540D032}.Release|Any CPU.Deploy.0 = Release|iPhone
		{4805146C-B343-46A1-9123-2ADBF540D032}.Release|iPhone.ActiveCfg = Release|iPhone
		{4805146C-B343-46A1-9123-2ADBF540D032}.Release|iPhone.Build.0 = Release|iPhone
		{4805146C-B343-46A1-9123-2ADBF540D032}.Release|iPhone.Deploy.0 = Release|iPhone
		{4805146C-B343-46A1-9123-2ADBF540D032}.Release|iPhoneSimulator.ActiveCfg = Release|iPhoneSimulator
		{4805146C-B343-46A1-9123-2ADBF540D032}.Release|iPhoneSimulator.Build.0 = Release|iPhoneSimulator
		{4805146C-B343-46A1-9123-2ADBF540D032}.Release|iPhoneSimulator.Deploy.0 = Release|iPhoneSimulator
		{4DC3E106-8416-4138-915A-2095CF1054FB}.Ad-Hoc|Any CPU.ActiveCfg = Debug|Any CPU
		{4DC3E106-8416-4138-915A-2095CF1054FB}.Ad-Hoc|Any CPU.Build.0 = Debug|Any CPU
		{4DC3E106-8416-4138-915A-2095CF1054FB}.Ad-Hoc|Any CPU.Deploy.0 = Debug|Any CPU
		{4DC3E106-8416-4138-915A-2095CF1054FB}.Ad-Hoc|iPhone.ActiveCfg = Debug|Any CPU
		{4DC3E106-8416-4138-915A-2095CF1054FB}.Ad-Hoc|iPhone.Build.0 = Debug|Any CPU
		{4DC3E106-8416-4138-915A-2095CF1054FB}.Ad-Hoc|iPhone.Deploy.0 = Debug|Any CPU
		{4DC3E106-8416-4138-915A-2095CF1054FB}.Ad-Hoc|iPhoneSimulator.ActiveCfg = Debug|Any CPU
		{4DC3E106-8416-4138-915A-2095CF1054FB}.Ad-Hoc|iPhoneSimulator.Build.0 = Debug|Any CPU
		{4DC3E106-8416-4138-915A-2095CF1054FB}.Ad-Hoc|iPhoneSimulator.Deploy.0 = Debug|Any CPU
		{4DC3E106-8416-4138-915A-2095CF1054FB}.AppStore|Any CPU.ActiveCfg = Debug|Any CPU
		{4DC3E106-8416-4138-915A-2095CF1054FB}.AppStore|Any CPU.Build.0 = Debug|Any CPU
		{4DC3E106-8416-4138-915A-2095CF1054FB}.AppStore|Any CPU.Deploy.0 = Debug|Any CPU
		{4DC3E106-8416-4138-915A-2095CF1054FB}.AppStore|iPhone.ActiveCfg = Debug|Any CPU
		{4DC3E106-8416-4138-915A-2095CF1054FB}.AppStore|iPhone.Build.0 = Debug|Any CPU
		{4DC3E106-8416-4138-915A-2095CF1054FB}.AppStore|iPhone.Deploy.0 = Debug|Any CPU
		{4DC3E106-8416-4138-915A-2095CF1054FB}.AppStore|iPhoneSimulator.ActiveCfg = Debug|Any CPU
		{4DC3E106-8416-4138-915A-2095CF1054FB}.AppStore|iPhoneSimulator.Build.0 = Debug|Any CPU
		{4DC3E106-8416-4138-915A-2095CF1054FB}.AppStore|iPhoneSimulator.Deploy.0 = Debug|Any CPU
		{4DC3E106-8416-4138-915A-2095CF1054FB}.Debug|Any CPU.ActiveCfg = Debug|Any CPU
		{4DC3E106-8416-4138-915A-2095CF1054FB}.Debug|Any CPU.Build.0 = Debug|Any CPU
		{4DC3E106-8416-4138-915A-2095CF1054FB}.Debug|Any CPU.Deploy.0 = Debug|Any CPU
		{4DC3E106-8416-4138-915A-2095CF1054FB}.Debug|iPhone.ActiveCfg = Debug|Any CPU
		{4DC3E106-8416-4138-915A-2095CF1054FB}.Debug|iPhone.Build.0 = Debug|Any CPU
		{4DC3E106-8416-4138-915A-2095CF1054FB}.Debug|iPhone.Deploy.0 = Debug|Any CPU
		{4DC3E106-8416-4138-915A-2095CF1054FB}.Debug|iPhoneSimulator.ActiveCfg = Debug|Any CPU
		{4DC3E106-8416-4138-915A-2095CF1054FB}.Debug|iPhoneSimulator.Build.0 = Debug|Any CPU
		{4DC3E106-8416-4138-915A-2095CF1054FB}.Debug|iPhoneSimulator.Deploy.0 = Debug|Any CPU
		{4DC3E106-8416-4138-915A-2095CF1054FB}.Release|Any CPU.ActiveCfg = Release|Any CPU
		{4DC3E106-8416-4138-915A-2095CF1054FB}.Release|Any CPU.Build.0 = Release|Any CPU
		{4DC3E106-8416-4138-915A-2095CF1054FB}.Release|Any CPU.Deploy.0 = Release|Any CPU
		{4DC3E106-8416-4138-915A-2095CF1054FB}.Release|iPhone.ActiveCfg = Release|Any CPU
		{4DC3E106-8416-4138-915A-2095CF1054FB}.Release|iPhone.Build.0 = Release|Any CPU
		{4DC3E106-8416-4138-915A-2095CF1054FB}.Release|iPhone.Deploy.0 = Release|Any CPU
		{4DC3E106-8416-4138-915A-2095CF1054FB}.Release|iPhoneSimulator.ActiveCfg = Release|Any CPU
		{4DC3E106-8416-4138-915A-2095CF1054FB}.Release|iPhoneSimulator.Build.0 = Release|Any CPU
		{4DC3E106-8416-4138-915A-2095CF1054FB}.Release|iPhoneSimulator.Deploy.0 = Release|Any CPU
	EndGlobalSection
	GlobalSection(SolutionProperties) = preSolution
		HideSolutionNode = FALSE
	EndGlobalSection
	GlobalSection(ExtensibilityGlobals) = postSolution
		SolutionGuid = {86CDF118-E134-4F18-A39B-2244EC74BA93}
	EndGlobalSection
EndGlobal
